
Microsoft Visual Studio Solution File, Format Version 12.00
# Visual Studio Version 16
VisualStudioVersion = 16.0.29020.237
MinimumVisualStudioVersion = 10.0.40219.1
Project("{FAE04EC0-301F-11D3-BF4B-00C04F79EFBC}") = "WindowsFormsApp3", "WindowsFormsApp3\WindowsFormsApp3.csproj", "{21370C8A-AAFE-4290-912F-64E3CFCE73E4}"
EndProject
Global
	GlobalSection(SolutionConfigurationPlatforms) = preSolution
		Debug|Any CPU = Debug|Any CPU
		Release|Any CPU = Release|Any CPU
	EndGlobalSection
	GlobalSection(ProjectConfigurationPlatforms) = postSolution
		{21370C8A-AAFE-4290-912F-64E3CFCE73E4}.Debug|Any CPU.ActiveCfg = Debug|Any CPU
		{21370C8A-AAFE-4290-912F-64E3CFCE73E4}.Debug|Any CPU.Build.0 = Debug|Any CPU
		{21370C8A-AAFE-4290-912F-64E3CFCE73E4}.Release|Any CPU.ActiveCfg = Release|Any CPU
		{21370C8A-AAFE-4290-912F-64E3CFCE73E4}.Release|Any CPU.Build.0 = Release|Any CPU
	EndGlobalSection
	GlobalSection(SolutionProperties) = preSolution
		HideSolutionNode = FALSE
	EndGlobalSection
	GlobalSection(ExtensibilityGlobals) = postSolution
		SolutionGuid = {F35CFDF4-D0A0-47F0-9D44-C3FD4DB6B5FA}
	EndGlobalSection
EndGlobal
